
Microsoft Visual Studio Solution File, Format Version 12.00
# Visual Studio Version 17
VisualStudioVersion = 17.0.31903.59
MinimumVisualStudioVersion = 10.0.40219.1
Project("{2150E333-8FDC-42A3-9474-1A3956D46DE8}") = "src", "src", "{827E0CD3-B72D-47B6-A68D-7590B98EB39B}"
EndProject
Project("{FAE04EC0-301F-11D3-BF4B-00C04F79EFBC}") = "TPR10.Api", "src\TPR10.Api\TPR10.Api.csproj", "{92AC3F76-10DF-4A22-95D9-EC2666ACF4FC}"
EndProject
Project("{2150E333-8FDC-42A3-9474-1A3956D46DE8}") = "tests", "tests", "{0AB3BF05-4346-4AA6-1389-037BE0695223}"
EndProject
Project("{FAE04EC0-301F-11D3-BF4B-00C04F79EFBC}") = "TPR10.Api.IntegrationTests", "tests\TPR10.Api.IntegrationTests\TPR10.Api.IntegrationTests.csproj", "{5E26CB72-D8B1-48D0-B766-E91A3EEBBD5D}"
EndProject
Global
	GlobalSection(SolutionConfigurationPlatforms) = preSolution
		Debug|Any CPU = Debug|Any CPU
		Debug|x64 = Debug|x64
		Debug|x86 = Debug|x86
		Release|Any CPU = Release|Any CPU
		Release|x64 = Release|x64
		Release|x86 = Release|x86
	EndGlobalSection
	GlobalSection(ProjectConfigurationPlatforms) = postSolution
		{92AC3F76-10DF-4A22-95D9-EC2666ACF4FC}.Debug|Any CPU.ActiveCfg = Debug|Any CPU
		{92AC3F76-10DF-4A22-95D9-EC2666ACF4FC}.Debug|Any CPU.Build.0 = Debug|Any CPU
		{92AC3F76-10DF-4A22-95D9-EC2666ACF4FC}.Debug|x64.ActiveCfg = Debug|Any CPU
		{92AC3F76-10DF-4A22-95D9-EC2666ACF4FC}.Debug|x64.Build.0 = Debug|Any CPU
		{92AC3F76-10DF-4A22-95D9-EC2666ACF4FC}.Debug|x86.ActiveCfg = Debug|Any CPU
		{92AC3F76-10DF-4A22-95D9-EC2666ACF4FC}.Debug|x86.Build.0 = Debug|Any CPU
		{92AC3F76-10DF-4A22-95D9-EC2666ACF4FC}.Release|Any CPU.ActiveCfg = Release|Any CPU
		{92AC3F76-10DF-4A22-95D9-EC2666ACF4FC}.Release|Any CPU.Build.0 = Release|Any CPU
		{92AC3F76-10DF-4A22-95D9-EC2666ACF4FC}.Release|x64.ActiveCfg = Release|Any CPU
		{92AC3F76-10DF-4A22-95D9-EC2666ACF4FC}.Release|x64.Build.0 = Release|Any CPU
		{92AC3F76-10DF-4A22-95D9-EC2666ACF4FC}.Release|x86.ActiveCfg = Release|Any CPU
		{92AC3F76-10DF-4A22-95D9-EC2666ACF4FC}.Release|x86.Build.0 = Release|Any CPU
		{5E26CB72-D8B1-48D0-B766-E91A3EEBBD5D}.Debug|Any CPU.ActiveCfg = Debug|Any CPU
		{5E26CB72-D8B1-48D0-B766-E91A3EEBBD5D}.Debug|Any CPU.Build.0 = Debug|Any CPU
		{5E26CB72-D8B1-48D0-B766-E91A3EEBBD5D}.Debug|x64.ActiveCfg = Debug|Any CPU
		{5E26CB72-D8B1-48D0-B766-E91A3EEBBD5D}.Debug|x64.Build.0 = Debug|Any CPU
		{5E26CB72-D8B1-48D0-B766-E91A3EEBBD5D}.Debug|x86.ActiveCfg = Debug|Any CPU
		{5E26CB72-D8B1-48D0-B766-E91A3EEBBD5D}.Debug|x86.Build.0 = Debug|Any CPU
		{5E26CB72-D8B1-48D0-B766-E91A3EEBBD5D}.Release|Any CPU.ActiveCfg = Release|Any CPU
		{5E26CB72-D8B1-48D0-B766-E91A3EEBBD5D}.Release|Any CPU.Build.0 = Release|Any CPU
		{5E26CB72-D8B1-48D0-B766-E91A3EEBBD5D}.Release|x64.ActiveCfg = Release|Any CPU
		{5E26CB72-D8B1-48D0-B766-E91A3EEBBD5D}.Release|x64.Build.0 = Release|Any CPU
		{5E26CB72-D8B1-48D0-B766-E91A3EEBBD5D}.Release|x86.ActiveCfg = Release|Any CPU
		{5E26CB72-D8B1-48D0-B766-E91A3EEBBD5D}.Release|x86.Build.0 = Release|Any CPU
	EndGlobalSection
	GlobalSection(SolutionProperties) = preSolution
		HideSolutionNode = FALSE
	EndGlobalSection
	GlobalSection(NestedProjects) = preSolution
		{92AC3F76-10DF-4A22-95D9-EC2666ACF4FC} = {827E0CD3-B72D-47B6-A68D-7590B98EB39B}
		{5E26CB72-D8B1-48D0-B766-E91A3EEBBD5D} = {0AB3BF05-4346-4AA6-1389-037BE0695223}
	EndGlobalSection
EndGlobal
